
Microsoft Visual Studio Solution File, Format Version 12.00
# Visual Studio Version 17
VisualStudioVersion = 17.11.35327.3
MinimumVisualStudioVersion = 10.0.40219.1
Project("{FAE04EC0-301F-11D3-BF4B-00C04F79EFBC}") = "Portasys", "Portasys\Portasys.csproj", "{A70F92A1-E4AA-43C1-A479-81F02EA87ECB}"
EndProject
Global
	GlobalSection(SolutionConfigurationPlatforms) = preSolution
		Debug|Any CPU = Debug|Any CPU
		Release|Any CPU = Release|Any CPU
	EndGlobalSection
	GlobalSection(ProjectConfigurationPlatforms) = postSolution
		{A70F92A1-E4AA-43C1-A479-81F02EA87ECB}.Debug|Any CPU.ActiveCfg = Debug|Any CPU
		{A70F92A1-E4AA-43C1-A479-81F02EA87ECB}.Debug|Any CPU.Build.0 = Debug|Any CPU
		{A70F92A1-E4AA-43C1-A479-81F02EA87ECB}.Release|Any CPU.ActiveCfg = Release|Any CPU
		{A70F92A1-E4AA-43C1-A479-81F02EA87ECB}.Release|Any CPU.Build.0 = Release|Any CPU
	EndGlobalSection
	GlobalSection(SolutionProperties) = preSolution
		HideSolutionNode = FALSE
	EndGlobalSection
	GlobalSection(ExtensibilityGlobals) = postSolution
		SolutionGuid = {CD6204B6-EF2A-46A0-9E8D-F35D77D3BB85}
	EndGlobalSection
EndGlobal
